{
  "name": "dsh-human-intent",
  "version": "0.1.0",
  "lockfileVersion": 3,
  "requires": true,
  "packages": {
    "": {
      "name": "dsh-human-intent",
      "version": "0.1.0",
      "license": "MIT",
      "dependencies": {
        "@deepseek-ai/schemastery": "^3.18.0",
        "@simplewebauthn/server": "^13.1.1",
        "canonicalize": "^2.1.0"
      },
      "bin": {
        "dsh-human-intent": "bin/dsh-human-intent.js"
      },
      "engines": {
        "node": ">=20.11"
      },
      "peerDependencies": {
        "@deepseek-ai/dsh-tools": ">=0.1.1-rc.0",
        "dsh-better-sidebar": ">=0.10.0"
      },
      "peerDependenciesMeta": {
        "dsh-better-sidebar": {
          "optional": true
        }
      }
    },
    "node_modules/@deepseek-ai/cordis": {
      "version": "4.0.2",
      "resolved": "https://registry.npmjs.org/@deepseek-ai/cordis/-/cordis-4.0.2.tgz",
      "integrity": "sha512-asOnXP1TzFSFQlHb1iegDZp0z/8WD1c7YNrwJR/Tx2bzNuMXfcekE/I67Iv6SQXeLB4csxqCngzQKANP7gdw0g==",
      "license": "MIT",
      "peer": true,
      "dependencies": {
        "@deepseek-ai/cosmokit": "^1.8.3",
        "@standard-schema/spec": "^1.1.0"
      },
      "bin": {
        "cordis": "bin.js"
      },
      "peerDependencies": {
        "@deepseek-ai/cordis-plugin-include": "^1.0.7",
        "@deepseek-ai/cordis-plugin-loader": "^1.0.3"
      },
      "peerDependenciesMeta": {
        "@deepseek-ai/cordis-plugin-include": {
          "optional": true
        },
        "@deepseek-ai/cordis-plugin-loader": {
          "optional": true
        }
      }
    },
    "node_modules/@deepseek-ai/cosmokit": {
      "version": "1.8.3",
      "resolved": "https://registry.npmjs.org/@deepseek-ai/cosmokit/-/cosmokit-1.8.3.tgz",
      "integrity": "sha512-qBo+ronVM6Eu2WNVJXi8JcMiqZ19T9BRIpV+5qJUFPXjGH/Z0QKcQMC/IZJ7L394YTOtJgcovbk9qP0w2GsBXQ==",
      "license": "MIT"
    },
    "node_modules/@deepseek-ai/dsh-agent": {
      "version": "0.1.1-rc.2",
      "resolved": "https://registry.npmjs.org/@deepseek-ai/dsh-agent/-/dsh-agent-0.1.1-rc.2.tgz",
      "integrity": "sha512-cC7lnJe7JgPFcreNXxcxLMxQd78LnpVO9ZXROjZsGRQN1zGH6i/DduI892F1am85IfzzO+XTxMwwUHmfwamb0g==",
      "license": "MIT",
      "peer": true,
      "peerDependencies": {
        "@deepseek-ai/cordis": "^4.0.1",
        "@deepseek-ai/dsh-invariants": "^0.1.1-rc.2",
        "@deepseek-ai/dsh-llm": "^0.1.1-rc.2",
        "@deepseek-ai/dsh-scope": "^0.1.1-rc.2",
        "@deepseek-ai/dsh-session": "^0.1.1-rc.2",
        "@deepseek-ai/dsh-system-prompt": "^0.1.1-rc.2",
        "@deepseek-ai/dsh-typert-protocol": "^0.1.1-rc.2"
      }
    },
    "node_modules/@deepseek-ai/dsh-attachment": {
      "version": "0.1.1-rc.2",
      "resolved": "https://registry.npmjs.org/@deepseek-ai/dsh-attachment/-/dsh-attachment-0.1.1-rc.2.tgz",
      "integrity": "sha512-rCYAt8QsawP1yfDCU7XxNwYT/XWvyFsxYrkwhLLkdfW83QVD0CQHizSkTQE7RFX74nKUD1z3sTLfnLr7xneArw==",
      "license": "MIT",
      "peer": true,
      "peerDependencies": {
        "@deepseek-ai/cordis": "^4.0.1",
        "@deepseek-ai/dsh-brand": "^0.1.1-rc.2",
        "@deepseek-ai/dsh-invariants": "^0.1.1-rc.2"
      }
    },
    "node_modules/@deepseek-ai/dsh-brand": {
      "version": "0.1.1-rc.2",
      "resolved": "https://registry.npmjs.org/@deepseek-ai/dsh-brand/-/dsh-brand-0.1.1-rc.2.tgz",
      "integrity": "sha512-8vXsAXoUdzKAgvd/E9DgyT6HKmR6ZM4rtJ3fs/XoJ6n2kBk4tWil8Lv+jxCMWJeMOnTJF55gu2+NWQ3ECFPtJw==",
      "license": "MIT",
      "peer": true,
      "peerDependencies": {
        "@deepseek-ai/cordis": "^4.0.1",
        "@deepseek-ai/dsh-invariants": "^0.1.1-rc.2"
      }
    },
    "node_modules/@deepseek-ai/dsh-code-runtime": {
      "version": "0.1.1-rc.2",
      "resolved": "https://registry.npmjs.org/@deepseek-ai/dsh-code-runtime/-/dsh-code-runtime-0.1.1-rc.2.tgz",
      "integrity": "sha512-SgFresqH5UABzRQZ7tOfqzOLMHF7089VeH+mfcwNQH5peOavgEKrAGOYz/9RnISH0XmMrj/x177t8gfO8Uvo/w==",
      "license": "MIT",
      "peer": true,
      "peerDependencies": {
        "@deepseek-ai/cordis": "^4.0.1",
        "@deepseek-ai/dsh-invariants": "^0.1.1-rc.2"
      }
    },
    "node_modules/@deepseek-ai/dsh-invariants": {
      "version": "0.1.1-rc.2",
      "resolved": "https://registry.npmjs.org/@deepseek-ai/dsh-invariants/-/dsh-invariants-0.1.1-rc.2.tgz",
      "integrity": "sha512-l+1Om/EDFyMjhgSuEx2WDLLA2fia/+ga9mBTCoT/MMslsnWaK5G0/lWwbwlTBSaJ6OfmYc3DuBgox8DbgIGHRQ==",
      "license": "MIT",
      "peer": true,
      "dependencies": {
        "@deepseek-ai/schemastery": "^3.18.1"
      },
      "peerDependencies": {
        "@deepseek-ai/cordis": "^4.0.1"
      }
    },
    "node_modules/@deepseek-ai/dsh-llm": {
      "version": "0.1.1-rc.2",
      "resolved": "https://registry.npmjs.org/@deepseek-ai/dsh-llm/-/dsh-llm-0.1.1-rc.2.tgz",
      "integrity": "sha512-ASJfjIdZbIXvLwi3rGo+eZb/GxMVV/WO5/XVD3B96mT8EIzrlw3+nMR6/CvmJVzcycKQ2XN0wj7jD6TasPRySA==",
      "license": "MIT",
      "peer": true,
      "dependencies": {
        "@deepseek-ai/schemastery": "^3.18.1"
      },
      "peerDependencies": {
        "@deepseek-ai/cordis": "^4.0.1",
        "@deepseek-ai/dsh-attachment": "^0.1.1-rc.2",
        "@deepseek-ai/dsh-brand": "^0.1.1-rc.2",
        "@deepseek-ai/dsh-invariants": "^0.1.1-rc.2",
        "@deepseek-ai/dsh-timeout": "^0.1.1-rc.2"
      }
    },
    "node_modules/@deepseek-ai/dsh-scope": {
      "version": "0.1.1-rc.2",
      "resolved": "https://registry.npmjs.org/@deepseek-ai/dsh-scope/-/dsh-scope-0.1.1-rc.2.tgz",
      "integrity": "sha512-Xy3ejL6dwVSluZL7XOWy76ya4pCw1uHwxodDK4O9XiQUiUV4FBXnt0aNJUtMeAFN0c1YujxxCmRniMvuuNn1Nw==",
      "license": "MIT",
      "peer": true,
      "peerDependencies": {
        "@deepseek-ai/cordis": "^4.0.1",
        "@deepseek-ai/dsh-invariants": "^0.1.1-rc.2"
      }
    },
    "node_modules/@deepseek-ai/dsh-session": {
      "version": "0.1.1-rc.2",
      "resolved": "https://registry.npmjs.org/@deepseek-ai/dsh-session/-/dsh-session-0.1.1-rc.2.tgz",
      "integrity": "sha512-4/cv6X9HPhm47eyRhCu/WZwzrtJKegk5J+0xaxcZ9i8S0smdxP57tqy8a0jkSshLQn7BzMFxneQrlYExrLrDhQ==",
      "license": "MIT",
      "peer": true,
      "peerDependencies": {
        "@deepseek-ai/cordis": "^4.0.1",
        "@deepseek-ai/dsh-brand": "^0.1.1-rc.2",
        "@deepseek-ai/dsh-invariants": "^0.1.1-rc.2",
        "@deepseek-ai/dsh-llm": "^0.1.1-rc.2",
        "@deepseek-ai/dsh-scope": "^0.1.1-rc.2",
        "@deepseek-ai/dsh-typert-protocol": "^0.1.1-rc.2"
      }
    },
    "node_modules/@deepseek-ai/dsh-system-prompt": {
      "version": "0.1.1-rc.2",
      "resolved": "https://registry.npmjs.org/@deepseek-ai/dsh-system-prompt/-/dsh-system-prompt-0.1.1-rc.2.tgz",
      "integrity": "sha512-on4hjAlYI5uX9q7Sf95YkMMBVe6heywtA/H50ksrIMUub8U2B98hO9iQpHhjwIO1F1vu+5pLcPvRr6yUGGmtXQ==",
      "license": "MIT",
      "peer": true,
      "dependencies": {
        "@deepseek-ai/schemastery": "^3.18.1"
      },
      "peerDependencies": {
        "@deepseek-ai/cordis": "^4.0.1",
        "@deepseek-ai/dsh-invariants": "^0.1.1-rc.2",
        "@deepseek-ai/dsh-llm": "^0.1.1-rc.2",
        "@deepseek-ai/dsh-scope": "^0.1.1-rc.2"
      }
    },
    "node_modules/@deepseek-ai/dsh-timeout": {
      "version": "0.1.1-rc.2",
      "resolved": "https://registry.npmjs.org/@deepseek-ai/dsh-timeout/-/dsh-timeout-0.1.1-rc.2.tgz",
      "integrity": "sha512-RrouVgU3G5gXr9zHhpThkMG6YKdcRJzXXdPm1dq3ioBxbvxlfMSfNY4tN8lWMJxLyGtvWkPra0HQX+YWxvdOOA==",
      "license": "MIT",
      "peer": true,
      "peerDependencies": {
        "@deepseek-ai/cordis": "^4.0.1",
        "@deepseek-ai/dsh-invariants": "^0.1.1-rc.2"
      }
    },
    "node_modules/@deepseek-ai/dsh-tools": {
      "version": "0.1.1-rc.2",
      "resolved": "https://registry.npmjs.org/@deepseek-ai/dsh-tools/-/dsh-tools-0.1.1-rc.2.tgz",
      "integrity": "sha512-0GGL4D55MwYDepzZMOI3L0ycu5b2qr96GL0Y7snwhAnpK2Di61rbX3fJE+PB3ZrovGX0csIRdt9n3iJZDVtDrw==",
      "license": "MIT",
      "peer": true,
      "dependencies": {
        "@deepseek-ai/schemastery": "^3.18.1"
      },
      "peerDependencies": {
        "@deepseek-ai/cordis": "^4.0.1",
        "@deepseek-ai/dsh-agent": "^0.1.1-rc.2",
        "@deepseek-ai/dsh-code-runtime": "^0.1.1-rc.2",
        "@deepseek-ai/dsh-invariants": "^0.1.1-rc.2",
        "@deepseek-ai/dsh-llm": "^0.1.1-rc.2",
        "@deepseek-ai/dsh-scope": "^0.1.1-rc.2",
        "@deepseek-ai/dsh-session": "^0.1.1-rc.2",
        "@deepseek-ai/dsh-system-prompt": "^0.1.1-rc.2",
        "@deepseek-ai/dsh-user-approval": "^0.1.1-rc.2"
      }
    },
    "node_modules/@deepseek-ai/dsh-typert-protocol": {
      "version": "0.1.1-rc.2",
      "resolved": "https://registry.npmjs.org/@deepseek-ai/dsh-typert-protocol/-/dsh-typert-protocol-0.1.1-rc.2.tgz",
      "integrity": "sha512-lxBssDc5Pz1qBE5kuIyaArA7AvIPq9rpaVclylodiSzVJe95e2xruBg73tflyjtd8y00toet+DLgQ6tSSsq6Kw==",
      "license": "MIT",
      "peer": true,
      "peerDependencies": {
        "@deepseek-ai/cordis": "^4.0.1",
        "@deepseek-ai/dsh-invariants": "^0.1.1-rc.2"
      }
    },
    "node_modules/@deepseek-ai/dsh-user-approval": {
      "version": "0.1.1-rc.2",
      "resolved": "https://registry.npmjs.org/@deepseek-ai/dsh-user-approval/-/dsh-user-approval-0.1.1-rc.2.tgz",
      "integrity": "sha512-SdsO4Rs+NeJFoertkVilXBACREOLfkKPJJznYKqDhJxeRo38RJ56dtj0Xd0/6rERmsQiMck4Bwdrzg1ubUqPNA==",
      "license": "MIT",
      "peer": true,
      "dependencies": {
        "@deepseek-ai/schemastery": "^3.18.1"
      },
      "peerDependencies": {
        "@deepseek-ai/cordis": "^4.0.1",
        "@deepseek-ai/dsh-agent": "^0.1.1-rc.2",
        "@deepseek-ai/dsh-brand": "^0.1.1-rc.2",
        "@deepseek-ai/dsh-invariants": "^0.1.1-rc.2",
        "@deepseek-ai/dsh-llm": "^0.1.1-rc.2",
        "@deepseek-ai/dsh-scope": "^0.1.1-rc.2",
        "@deepseek-ai/dsh-session": "^0.1.1-rc.2",
        "@deepseek-ai/dsh-system-prompt": "^0.1.1-rc.2"
      }
    },
    "node_modules/@deepseek-ai/schemastery": {
      "version": "3.18.2",
      "resolved": "https://registry.npmjs.org/@deepseek-ai/schemastery/-/schemastery-3.18.2.tgz",
      "integrity": "sha512-njDtZsznjYxok7KLLlHOPyuv2efdWVbSflAHgztSfbMsg+CVraEoRe2DjOCgClYv3ZCSm7WXoaUkbB/+RY7tWQ==",
      "license": "MIT",
      "dependencies": {
        "@deepseek-ai/cosmokit": "^1.8.3",
        "@standard-schema/spec": "^1.1.0"
      }
    },
    "node_modules/@hexagon/base64": {
      "version": "1.1.28",
      "resolved": "https://registry.npmjs.org/@hexagon/base64/-/base64-1.1.28.tgz",
      "integrity": "sha512-lhqDEAvWixy3bZ+UOYbPwUbBkwBq5C1LAJ/xPC8Oi+lL54oyakv/npbA0aU2hgCsx/1NUd4IBvV03+aUBWxerw==",
      "license": "MIT"
    },
    "node_modules/@levischuck/tiny-cbor": {
      "version": "0.2.11",
      "resolved": "https://registry.npmjs.org/@levischuck/tiny-cbor/-/tiny-cbor-0.2.11.tgz",
      "integrity": "sha512-llBRm4dT4Z89aRsm6u2oEZ8tfwL/2l6BwpZ7JcyieouniDECM5AqNgr/y08zalEIvW3RSK4upYyybDcmjXqAow==",
      "license": "MIT"
    },
    "node_modules/@peculiar/asn1-android": {
      "version": "2.9.4",
      "resolved": "https://registry.npmjs.org/@peculiar/asn1-android/-/asn1-android-2.9.4.tgz",
      "integrity": "sha512-SYHm4SoWSI0nRCoos6jpGusIqhPH9bbGBqv7ohlZ+H6BunrDzzQPk2ePgDuEUzV82OdvbLgtW4twUDwhU9P3YQ==",
      "license": "MIT",
      "dependencies": {
        "@peculiar/asn1-schema": "^2.9.4",
        "asn1js": "^3.0.10",
        "tslib": "^2.8.1"
      },
      "engines": {
        "node": ">=14"
      }
    },
    "node_modules/@peculiar/asn1-cms": {
      "version": "2.9.4",
      "resolved": "https://registry.npmjs.org/@peculiar/asn1-cms/-/asn1-cms-2.9.4.tgz",
      "integrity": "sha512-cben7oxmQsUGZqotus7yt0srYdncOT6RNWcTQ77T2RFOXejYVYkXadrfePdRcrVpO9K95IRLKKglG2k38jKXuw==",
      "license": "MIT",
      "dependencies": {
        "@peculiar/asn1-schema": "^2.9.4",
        "@peculiar/asn1-x509": "^2.9.4",
        "@peculiar/asn1-x509-attr": "^2.9.4",
        "asn1js": "^3.0.10",
        "tslib": "^2.8.1"
      },
      "engines": {
        "node": ">=14"
      }
    },
    "node_modules/@peculiar/asn1-csr": {
      "version": "2.9.4",
      "resolved": "https://registry.npmjs.org/@peculiar/asn1-csr/-/asn1-csr-2.9.4.tgz",
      "integrity": "sha512-xd4YN4vpRjkDAQWVfZZkeu12IEND7DOpkqaHSIHxZl1uggUNa9Ju0QxY2jHvDAS9pP0zhRBytg8ifsnGo3V0jw==",
      "license": "MIT",
      "dependencies": {
        "@peculiar/asn1-schema": "^2.9.4",
        "@peculiar/asn1-x509": "^2.9.4",
        "asn1js": "^3.0.10",
        "tslib": "^2.8.1"
      },
      "engines": {
        "node": ">=14"
      }
    },
    "node_modules/@peculiar/asn1-ecc": {
      "version": "2.9.4",
      "resolved": "https://registry.npmjs.org/@peculiar/asn1-ecc/-/asn1-ecc-2.9.4.tgz",
      "integrity": "sha512-JJXefFshRAuVAjWQo/39bkg1ywc1VaiO44S8RRC+Ykvf/u2KDmYffoDb0ZBPCR5uJy4AGKQhl8mX+Q8ShcWaXQ==",
      "license": "MIT",
      "dependencies": {
        "@peculiar/asn1-schema": "^2.9.4",
        "@peculiar/asn1-x509": "^2.9.4",
        "asn1js": "^3.0.10",
        "tslib": "^2.8.1"
      },
      "engines": {
        "node": ">=14"
      }
    },
    "node_modules/@peculiar/asn1-pfx": {
      "version": "2.9.4",
      "resolved": "https://registry.npmjs.org/@peculiar/asn1-pfx/-/asn1-pfx-2.9.4.tgz",
      "integrity": "sha512-khuGzHTzNzk4GDlIBEILyIs6Lce0yn0ZBdoI9v93kmNncfZRhD+AQ5ODFqdhvoE8cMJF/JMTQ8yA+t1D14kqCw==",
      "license": "MIT",
      "dependencies": {
        "@peculiar/asn1-cms": "^2.9.4",
        "@peculiar/asn1-pkcs8": "^2.9.4",
        "@peculiar/asn1-rsa": "^2.9.4",
        "@peculiar/asn1-schema": "^2.9.4",
        "asn1js": "^3.0.10",
        "tslib": "^2.8.1"
      },
      "engines": {
        "node": ">=14"
      }
    },
    "node_modules/@peculiar/asn1-pkcs8": {
      "version": "2.9.4",
      "resolved": "https://registry.npmjs.org/@peculiar/asn1-pkcs8/-/asn1-pkcs8-2.9.4.tgz",
      "integrity": "sha512-duRdotlUx9eDZe6QrQpQKl61RbWykCHBCkKayP8V8XdEFwlKHZ8qGGDMyS6Pye7OX7nLFttTTpRkJeet78ckwQ==",
      "license": "MIT",
      "dependencies": {
        "@peculiar/asn1-schema": "^2.9.4",
        "@peculiar/asn1-x509": "^2.9.4",
        "asn1js": "^3.0.10",
        "tslib": "^2.8.1"
      },
      "engines": {
        "node": ">=14"
      }
    },
    "node_modules/@peculiar/asn1-pkcs9": {
      "version": "2.9.4",
      "resolved": "https://registry.npmjs.org/@peculiar/asn1-pkcs9/-/asn1-pkcs9-2.9.4.tgz",
      "integrity": "sha512-kaL4cNxBpdQE2dKlyZBqz4ygCrwffO+8wfoxTEqM1Z8RadvCeELBRzcv0dzM8aY9azHMwODO5nxU65zXmhToOQ==",
      "license": "MIT",
      "dependencies": {
        "@peculiar/asn1-cms": "^2.9.4",
        "@peculiar/asn1-pfx": "^2.9.4",
        "@peculiar/asn1-pkcs8": "^2.9.4",
        "@peculiar/asn1-schema": "^2.9.4",
        "@peculiar/asn1-x509": "^2.9.4",
        "@peculiar/asn1-x509-attr": "^2.9.4",
        "asn1js": "^3.0.10",
        "tslib": "^2.8.1"
      },
      "engines": {
        "node": ">=14"
      }
    },
    "node_modules/@peculiar/asn1-rsa": {
      "version": "2.9.4",
      "resolved": "https://registry.npmjs.org/@peculiar/asn1-rsa/-/asn1-rsa-2.9.4.tgz",
      "integrity": "sha512-pZ96eD1PptovcWQ/GSmuNFXd/7EQJNlKfDaNCyE2rx3W0v6QFelkzquVqRSRyyDXXCYD69ZXJDzZ8GhIiQzKoA==",
      "license": "MIT",
      "dependencies": {
        "@peculiar/asn1-schema": "^2.9.4",
        "@peculiar/asn1-x509": "^2.9.4",
        "asn1js": "^3.0.10",
        "tslib": "^2.8.1"
      },
      "engines": {
        "node": ">=14"
      }
    },
    "node_modules/@peculiar/asn1-schema": {
      "version": "2.9.4",
      "resolved": "https://registry.npmjs.org/@peculiar/asn1-schema/-/asn1-schema-2.9.4.tgz",
      "integrity": "sha512-GjzePcT9Iw8NzeOPf73iNS9xM+TBhd/FilAfP+RQGkTMQJTVWtytN3JHJACCjf/ABNau5S7mS3g+DcuxmRgYEg==",
      "license": "MIT",
      "dependencies": {
        "@peculiar/utils": "^2.0.2",
        "asn1js": "^3.0.10",
        "tslib": "^2.8.1"
      },
      "engines": {
        "node": ">=14"
      }
    },
    "node_modules/@peculiar/asn1-x509": {
      "version": "2.9.4",
      "resolved": "https://registry.npmjs.org/@peculiar/asn1-x509/-/asn1-x509-2.9.4.tgz",
      "integrity": "sha512-CxhBo/RdEbMMob7T31ZdQjGuoyRFLVwrDzTn25bihzBasRg9kRm/0IxIPvhgQtcK/9dNcO1XQL2fuPugwELL0Q==",
      "license": "MIT",
      "dependencies": {
        "@peculiar/asn1-schema": "^2.9.4",
        "@peculiar/utils": "^2.0.2",
        "asn1js": "^3.0.10",
        "tslib": "^2.8.1"
      },
      "engines": {
        "node": ">=14"
      }
    },
    "node_modules/@peculiar/asn1-x509-attr": {
      "version": "2.9.4",
      "resolved": "https://registry.npmjs.org/@peculiar/asn1-x509-attr/-/asn1-x509-attr-2.9.4.tgz",
      "integrity": "sha512-ehQXbpQaQYycgu8OrvigwSPTFfVRcu0ECNYCWw+yzBp02Lw5paRqzzhUpfOgO2K38+WfFZuEz/0RPtam5g0OMg==",
      "license": "MIT",
      "dependencies": {
        "@peculiar/asn1-schema": "^2.9.4",
        "@peculiar/asn1-x509": "^2.9.4",
        "asn1js": "^3.0.10",
        "tslib": "^2.8.1"
      },
      "engines": {
        "node": ">=14"
      }
    },
    "node_modules/@peculiar/utils": {
      "version": "2.0.3",
      "resolved": "https://registry.npmjs.org/@peculiar/utils/-/utils-2.0.3.tgz",
      "integrity": "sha512-+oL3HPFRIZ1St2K50lWCXiioIgSoxzz7R1J3uF6neO2yl1sgmpgY6XXJH4BdpoDkMWznQTeYF6oWNDZLCdQ4eQ==",
      "license": "MIT",
      "dependencies": {
        "tslib": "^2.8.1"
      }
    },
    "node_modules/@peculiar/x509": {
      "version": "1.14.3",
      "resolved": "https://registry.npmjs.org/@peculiar/x509/-/x509-1.14.3.tgz",
      "integrity": "sha512-C2Xj8FZ0uHWeCXXqX5B4/gVFQmtSkiuOolzAgutjTfseNOHT3pUjljDZsTSxXFGgio54bCzVFqmEOUrIVk8RDA==",
      "license": "MIT",
      "dependencies": {
        "@peculiar/asn1-cms": "^2.6.0",
        "@peculiar/asn1-csr": "^2.6.0",
        "@peculiar/asn1-ecc": "^2.6.0",
        "@peculiar/asn1-pkcs9": "^2.6.0",
        "@peculiar/asn1-rsa": "^2.6.0",
        "@peculiar/asn1-schema": "^2.6.0",
        "@peculiar/asn1-x509": "^2.6.0",
        "pvtsutils": "^1.3.6",
        "reflect-metadata": "^0.2.2",
        "tslib": "^2.8.1",
        "tsyringe": "^4.10.0"
      },
      "engines": {
        "node": ">=20.0.0"
      }
    },
    "node_modules/@simplewebauthn/server": {
      "version": "13.3.3",
      "resolved": "https://registry.npmjs.org/@simplewebauthn/server/-/server-13.3.3.tgz",
      "integrity": "sha512-LelX/lcy5cjc15A86i/aNxHhB5eU7dd20QsbP0VLAf9e38+SLlsnqCCyecx3xqfGofhmX05h1J9fKRYWxw+luA==",
      "license": "MIT",
      "dependencies": {
        "@hexagon/base64": "^1.1.27",
        "@levischuck/tiny-cbor": "^0.2.2",
        "@peculiar/asn1-android": "^2.6.0",
        "@peculiar/asn1-ecc": "^2.6.1",
        "@peculiar/asn1-rsa": "^2.6.1",
        "@peculiar/asn1-schema": "^2.6.0",
        "@peculiar/asn1-x509": "^2.6.1",
        "@peculiar/x509": "^1.14.3"
      },
      "engines": {
        "node": ">=20.0.0"
      }
    },
    "node_modules/@standard-schema/spec": {
      "version": "1.1.0",
      "resolved": "https://registry.npmjs.org/@standard-schema/spec/-/spec-1.1.0.tgz",
      "integrity": "sha512-l2aFy5jALhniG5HgqrD6jXLi/rUWrKvqN/qJx6yoJsgKhblVd+iqqU4RCXavm/jPityDo5TCvKMnpjKnOriy0w==",
      "license": "MIT"
    },
    "node_modules/asn1js": {
      "version": "3.0.10",
      "resolved": "https://registry.npmjs.org/asn1js/-/asn1js-3.0.10.tgz",
      "integrity": "sha512-S2s3aOytiKdFRdulw2qPE51MzjzVOisppcVv7jVFR+Kw0kxwvFrDcYA0h7Ndqbmj0HkMIXYWaoj7fli8kgx1eg==",
      "license": "BSD-3-Clause",
      "dependencies": {
        "pvtsutils": "^1.3.6",
        "pvutils": "^1.1.5",
        "tslib": "^2.8.1"
      },
      "engines": {
        "node": ">=12.0.0"
      }
    },
    "node_modules/canonicalize": {
      "version": "2.1.0",
      "resolved": "https://registry.npmjs.org/canonicalize/-/canonicalize-2.1.0.tgz",
      "integrity": "sha512-F705O3xrsUtgt98j7leetNhTWPe+5S72rlL5O4jA1pKqBVQ/dT1O1D6PFxmSXvc0SUOinWS57DKx0I3CHrXJHQ==",
      "license": "Apache-2.0",
      "bin": {
        "canonicalize": "bin/canonicalize.js"
      }
    },
    "node_modules/pvtsutils": {
      "version": "1.3.6",
      "resolved": "https://registry.npmjs.org/pvtsutils/-/pvtsutils-1.3.6.tgz",
      "integrity": "sha512-PLgQXQ6H2FWCaeRak8vvk1GW462lMxB5s3Jm673N82zI4vqtVUPuZdffdZbPDFRoU8kAhItWFtPCWiPpp4/EDg==",
      "license": "MIT",
      "dependencies": {
        "tslib": "^2.8.1"
      }
    },
    "node_modules/pvutils": {
      "version": "1.2.0",
      "resolved": "https://registry.npmjs.org/pvutils/-/pvutils-1.2.0.tgz",
      "integrity": "sha512-BbubeCEyTuQjVMakvJQ/Sxbc93F2pwmbsxONT/ZRrwU7Ua38d8unYTwXpTVLAKJ4BDuH9IGztCjQcd/N/39Dvg==",
      "license": "MIT",
      "engines": {
        "node": ">=16.0.0"
      }
    },
    "node_modules/reflect-metadata": {
      "version": "0.2.2",
      "resolved": "https://registry.npmjs.org/reflect-metadata/-/reflect-metadata-0.2.2.tgz",
      "integrity": "sha512-urBwgfrvVP/eAyXx4hluJivBKzuEbSQs9rKWCrCkbSxNv8mxPcUZKeuoF3Uy4mJl3Lwprp6yy5/39VWigZ4K6Q==",
      "license": "Apache-2.0"
    },
    "node_modules/tslib": {
      "version": "2.8.1",
      "resolved": "https://registry.npmjs.org/tslib/-/tslib-2.8.1.tgz",
      "integrity": "sha512-oJFu94HQb+KVduSUQL7wnpmqnfmLsOA/nAh6b6EH0wCEoK0/mPeXU6c3wKDV83MkOuHPRHtSXKKU99IBazS/2w==",
      "license": "0BSD"
    },
    "node_modules/tsyringe": {
      "version": "4.10.0",
      "resolved": "https://registry.npmjs.org/tsyringe/-/tsyringe-4.10.0.tgz",
      "integrity": "sha512-axr3IdNuVIxnaK5XGEUFTu3YmAQ6lllgrvqfEoR16g/HGnYY/6We4oWENtAnzK6/LpJ2ur9PAb80RBt7/U4ugw==",
      "license": "MIT",
      "dependencies": {
        "tslib": "^1.9.3"
      },
      "engines": {
        "node": ">= 6.0.0"
      }
    },
    "node_modules/tsyringe/node_modules/tslib": {
      "version": "1.14.1",
      "resolved": "https://registry.npmjs.org/tslib/-/tslib-1.14.1.tgz",
      "integrity": "sha512-Xni35NKzjgMrwevysHTCArtLDpPvye8zV/0E4EyYn43P7/7qvQwPh9BGkHewbMulVntbigmcT7rdX3BNo9wRJg==",
      "license": "0BSD"
    }
  }
}
